
Microsoft Visual Studio Solution File, Format Version 12.00
# Visual Studio Version 17
VisualStudioVersion = 17.8.34309.116
MinimumVisualStudioVersion = 10.0.40219.1
Project("{8BC9CEB8-8B4A-11D0-8D11-00A0C91BC942}") = "COMP3016-CW2-InteractiveSoftwarePrototype", "COMP3016-CW2-InteractiveSoftwarePrototype.vcxproj", "{08DF314C-C356-4430-83E1-0311A34BF2DB}"
EndProject
Global
	GlobalSection(SolutionConfigurationPlatforms) = preSolution
		Debug|x64 = Debug|x64
		Debug|x86 = Debug|x86
		Release|x64 = Release|x64
		Release|x86 = Release|x86
	EndGlobalSection
	GlobalSection(ProjectConfigurationPlatforms) = postSolution
		{08DF314C-C356-4430-83E1-0311A34BF2DB}.Debug|x64.ActiveCfg = Debug|x64
		{08DF314C-C356-4430-83E1-0311A34BF2DB}.Debug|x64.Build.0 = Debug|x64
		{08DF314C-C356-4430-83E1-0311A34BF2DB}.Debug|x86.ActiveCfg = Debug|Win32
		{08DF314C-C356-4430-83E1-0311A34BF2DB}.Debug|x86.Build.0 = Debug|Win32
		{08DF314C-C356-4430-83E1-0311A34BF2DB}.Release|x64.ActiveCfg = Release|x64
		{08DF314C-C356-4430-83E1-0311A34BF2DB}.Release|x64.Build.0 = Release|x64
		{08DF314C-C356-4430-83E1-0311A34BF2DB}.Release|x86.ActiveCfg = Release|Win32
		{08DF314C-C356-4430-83E1-0311A34BF2DB}.Release|x86.Build.0 = Release|Win32
	EndGlobalSection
	GlobalSection(SolutionProperties) = preSolution
		HideSolutionNode = FALSE
	EndGlobalSection
	GlobalSection(ExtensibilityGlobals) = postSolution
		SolutionGuid = {8EFA4531-D8BF-4FF6-8498-E71ED89806CD}
	EndGlobalSection
EndGlobal
